
Microsoft Visual Studio Solution File, Format Version 12.00
# Visual Studio Version 17
VisualStudioVersion = 17.5.33530.505
MinimumVisualStudioVersion = 10.0.40219.1
Project("{FAE04EC0-301F-11D3-BF4B-00C04F79EFBC}") = "CSharp_practical_3", "CSharp_practical_3\CSharp_practical_3.csproj", "{AF3B7038-5052-48D7-A55F-764EAC71B5E2}"
EndProject
Project("{FAE04EC0-301F-11D3-BF4B-00C04F79EFBC}") = "CSharp_practical_Polymorphism", "CSharp_practical_Polymorphism\CSharp_practical_Polymorphism.csproj", "{D922D0F6-CEE5-47A8-8840-9CA667BFF40A}"
EndProject
Project("{FAE04EC0-301F-11D3-BF4B-00C04F79EFBC}") = "CSharp_Abstraction_practical", "CSharp_Abstraction_practical\CSharp_Abstraction_practical.csproj", "{40350FCF-2591-4809-808E-C2A6B2EBB7D2}"
EndProject
Global
	GlobalSection(SolutionConfigurationPlatforms) = preSolution
		Debug|Any CPU = Debug|Any CPU
		Release|Any CPU = Release|Any CPU
	EndGlobalSection
	GlobalSection(ProjectConfigurationPlatforms) = postSolution
		{AF3B7038-5052-48D7-A55F-764EAC71B5E2}.Debug|Any CPU.ActiveCfg = Debug|Any CPU
		{AF3B7038-5052-48D7-A55F-764EAC71B5E2}.Debug|Any CPU.Build.0 = Debug|Any CPU
		{AF3B7038-5052-48D7-A55F-764EAC71B5E2}.Release|Any CPU.ActiveCfg = Release|Any CPU
		{AF3B7038-5052-48D7-A55F-764EAC71B5E2}.Release|Any CPU.Build.0 = Release|Any CPU
		{D922D0F6-CEE5-47A8-8840-9CA667BFF40A}.Debug|Any CPU.ActiveCfg = Debug|Any CPU
		{D922D0F6-CEE5-47A8-8840-9CA667BFF40A}.Debug|Any CPU.Build.0 = Debug|Any CPU
		{D922D0F6-CEE5-47A8-8840-9CA667BFF40A}.Release|Any CPU.ActiveCfg = Release|Any CPU
		{D922D0F6-CEE5-47A8-8840-9CA667BFF40A}.Release|Any CPU.Build.0 = Release|Any CPU
		{40350FCF-2591-4809-808E-C2A6B2EBB7D2}.Debug|Any CPU.ActiveCfg = Debug|Any CPU
		{40350FCF-2591-4809-808E-C2A6B2EBB7D2}.Debug|Any CPU.Build.0 = Debug|Any CPU
		{40350FCF-2591-4809-808E-C2A6B2EBB7D2}.Release|Any CPU.ActiveCfg = Release|Any CPU
		{40350FCF-2591-4809-808E-C2A6B2EBB7D2}.Release|Any CPU.Build.0 = Release|Any CPU
	EndGlobalSection
	GlobalSection(SolutionProperties) = preSolution
		HideSolutionNode = FALSE
	EndGlobalSection
	GlobalSection(ExtensibilityGlobals) = postSolution
		SolutionGuid = {29C0A539-A071-454B-957F-EE3B5E6ECFA7}
	EndGlobalSection
EndGlobal
